
Microsoft Visual Studio Solution File, Format Version 12.00
# Visual Studio 2012
Project("{FAE04EC0-301F-11D3-BF4B-00C04F79EFBC}") = "Politecnico.Patrones", "Politecnico.Patrones\Politecnico.Patrones.csproj", "{643F43A4-A28B-46C5-A8B7-BB1A56A804BF}"
EndProject
Project("{FAE04EC0-301F-11D3-BF4B-00C04F79EFBC}") = "Politecnico.Patrones.Tests", "Politecnico.Patrones.Tests\Politecnico.Patrones.Tests.csproj", "{8C8D36B9-1E10-4F8A-9DC4-CB1C233E29CC}"
EndProject
Project("{FAE04EC0-301F-11D3-BF4B-00C04F79EFBC}") = "Politecnico.Patrones.Web", "Politecnico.Patrones.Web\Politecnico.Patrones.Web.csproj", "{18087EF9-A7AC-417E-8549-C1DC511A04D8}"
EndProject
Project("{FAE04EC0-301F-11D3-BF4B-00C04F79EFBC}") = "Politecnico.Patrones.Estrategia01", "Estrategia01\Politecnico.Patrones.Estrategia01\Politecnico.Patrones.Estrategia01.csproj", "{51896D12-ED32-4BFF-AB16-B66E49B0E923}"
EndProject
Project("{FAE04EC0-301F-11D3-BF4B-00C04F79EFBC}") = "Politecnico.Patrones.Estrategia01.Tests", "Estrategia01\Politecnico.Patrones.Estrategia01.Tests\Politecnico.Patrones.Estrategia01.Tests.csproj", "{42773BE1-6810-4A09-8733-56960B4373F8}"
EndProject
Project("{FAE04EC0-301F-11D3-BF4B-00C04F79EFBC}") = "Politecnico.Patrones.Estrategia01.Consola", "Estrategia01\Politecnico.Patrones.Estrategia01.Consola\Politecnico.Patrones.Estrategia01.Consola.csproj", "{AAD5068E-F4B2-4523-878B-8F87CE9AEFFF}"
EndProject
Project("{FAE04EC0-301F-11D3-BF4B-00C04F79EFBC}") = "Politecnico.Comunes", "Politecnico.Comunes\Politecnico.Comunes.csproj", "{267A72AB-D01E-4530-8AC3-2E052AB02FBE}"
EndProject
Project("{2150E333-8FDC-42A3-9474-1A3956D46DE8}") = "Estrategia01", "Estrategia01", "{7A1EC5FE-430D-4F4D-BAAB-DAC5324D5AC5}"
EndProject
Project("{2150E333-8FDC-42A3-9474-1A3956D46DE8}") = "Decorador01", "Decorador01", "{71E2DD19-0702-40BE-AB81-C5E471E2BFB9}"
EndProject
Project("{FAE04EC0-301F-11D3-BF4B-00C04F79EFBC}") = "Politecnico.Patrones.Decorador01", "Decorador01\Politecnico.Patrones.Decorador01\Politecnico.Patrones.Decorador01.csproj", "{B471921F-3B1E-4E92-AC55-A408E827602B}"
EndProject
Project("{FAE04EC0-301F-11D3-BF4B-00C04F79EFBC}") = "Politecnico.Patrones.Decorador01.Tests", "Decorador01\Politecnico.Patrones.Decorador01.Tests\Politecnico.Patrones.Decorador01.Tests.csproj", "{31B98F42-2BAE-462C-9AE2-55E595C63C86}"
EndProject
Project("{FAE04EC0-301F-11D3-BF4B-00C04F79EFBC}") = "Politecnico.Patrones.Decorador01.Consola", "Decorador01\Politecnico.Patrones.Decorador01.Consola\Politecnico.Patrones.Decorador01.Consola.csproj", "{382DADFB-62B4-4F48-9F31-E611E47DED09}"
EndProject
Project("{2150E333-8FDC-42A3-9474-1A3956D46DE8}") = "Comando01", "Comando01", "{67844824-BFA0-42F3-B0D8-DFC010D93046}"
EndProject
Project("{FAE04EC0-301F-11D3-BF4B-00C04F79EFBC}") = "Politecnico.Patrones.Comando01", "Comando01\Politecnico.Patrones.Comando01\Politecnico.Patrones.Comando01.csproj", "{264BBB51-02A1-4A6B-8A57-C1B19764D691}"
EndProject
Project("{FAE04EC0-301F-11D3-BF4B-00C04F79EFBC}") = "Politecnico.Patrones.Comando01.Tests", "Comando01\Politecnico.Patrones.Comando01.Tests\Politecnico.Patrones.Comando01.Tests.csproj", "{3EFD07C4-AF24-4681-B27E-4AEBC2AFB178}"
EndProject
Project("{FAE04EC0-301F-11D3-BF4B-00C04F79EFBC}") = "Politecnico.Patrones.Comando01.Consola", "Comando01\Politecnico.Patrones.Comando01.Consola\Politecnico.Patrones.Comando01.Consola.csproj", "{D6F9C71B-ABE8-410D-AD85-7B7503C8D2F7}"
EndProject
Global
	GlobalSection(SolutionConfigurationPlatforms) = preSolution
		Debug|Any CPU = Debug|Any CPU
		Release|Any CPU = Release|Any CPU
	EndGlobalSection
	GlobalSection(ProjectConfigurationPlatforms) = postSolution
		{643F43A4-A28B-46C5-A8B7-BB1A56A804BF}.Debug|Any CPU.ActiveCfg = Debug|Any CPU
		{643F43A4-A28B-46C5-A8B7-BB1A56A804BF}.Debug|Any CPU.Build.0 = Debug|Any CPU
		{643F43A4-A28B-46C5-A8B7-BB1A56A804BF}.Release|Any CPU.ActiveCfg = Release|Any CPU
		{643F43A4-A28B-46C5-A8B7-BB1A56A804BF}.Release|Any CPU.Build.0 = Release|Any CPU
		{8C8D36B9-1E10-4F8A-9DC4-CB1C233E29CC}.Debug|Any CPU.ActiveCfg = Debug|Any CPU
		{8C8D36B9-1E10-4F8A-9DC4-CB1C233E29CC}.Debug|Any CPU.Build.0 = Debug|Any CPU
		{8C8D36B9-1E10-4F8A-9DC4-CB1C233E29CC}.Release|Any CPU.ActiveCfg = Release|Any CPU
		{8C8D36B9-1E10-4F8A-9DC4-CB1C233E29CC}.Release|Any CPU.Build.0 = Release|Any CPU
		{18087EF9-A7AC-417E-8549-C1DC511A04D8}.Debug|Any CPU.ActiveCfg = Debug|Any CPU
		{18087EF9-A7AC-417E-8549-C1DC511A04D8}.Debug|Any CPU.Build.0 = Debug|Any CPU
		{18087EF9-A7AC-417E-8549-C1DC511A04D8}.Release|Any CPU.ActiveCfg = Release|Any CPU
		{18087EF9-A7AC-417E-8549-C1DC511A04D8}.Release|Any CPU.Build.0 = Release|Any CPU
		{51896D12-ED32-4BFF-AB16-B66E49B0E923}.Debug|Any CPU.ActiveCfg = Debug|Any CPU
		{51896D12-ED32-4BFF-AB16-B66E49B0E923}.Debug|Any CPU.Build.0 = Debug|Any CPU
		{51896D12-ED32-4BFF-AB16-B66E49B0E923}.Release|Any CPU.ActiveCfg = Release|Any CPU
		{51896D12-ED32-4BFF-AB16-B66E49B0E923}.Release|Any CPU.Build.0 = Release|Any CPU
		{42773BE1-6810-4A09-8733-56960B4373F8}.Debug|Any CPU.ActiveCfg = Debug|Any CPU
		{42773BE1-6810-4A09-8733-56960B4373F8}.Debug|Any CPU.Build.0 = Debug|Any CPU
		{42773BE1-6810-4A09-8733-56960B4373F8}.Release|Any CPU.ActiveCfg = Release|Any CPU
		{42773BE1-6810-4A09-8733-56960B4373F8}.Release|Any CPU.Build.0 = Release|Any CPU
		{AAD5068E-F4B2-4523-878B-8F87CE9AEFFF}.Debug|Any CPU.ActiveCfg = Debug|Any CPU
		{AAD5068E-F4B2-4523-878B-8F87CE9AEFFF}.Debug|Any CPU.Build.0 = Debug|Any CPU
		{AAD5068E-F4B2-4523-878B-8F87CE9AEFFF}.Release|Any CPU.ActiveCfg = Release|Any CPU
		{AAD5068E-F4B2-4523-878B-8F87CE9AEFFF}.Release|Any CPU.Build.0 = Release|Any CPU
		{267A72AB-D01E-4530-8AC3-2E052AB02FBE}.Debug|Any CPU.ActiveCfg = Debug|Any CPU
		{267A72AB-D01E-4530-8AC3-2E052AB02FBE}.Debug|Any CPU.Build.0 = Debug|Any CPU
		{267A72AB-D01E-4530-8AC3-2E052AB02FBE}.Release|Any CPU.ActiveCfg = Release|Any CPU
		{267A72AB-D01E-4530-8AC3-2E052AB02FBE}.Release|Any CPU.Build.0 = Release|Any CPU
		{B471921F-3B1E-4E92-AC55-A408E827602B}.Debug|Any CPU.ActiveCfg = Debug|Any CPU
		{B471921F-3B1E-4E92-AC55-A408E827602B}.Debug|Any CPU.Build.0 = Debug|Any CPU
		{B471921F-3B1E-4E92-AC55-A408E827602B}.Release|Any CPU.ActiveCfg = Release|Any CPU
		{B471921F-3B1E-4E92-AC55-A408E827602B}.Release|Any CPU.Build.0 = Release|Any CPU
		{31B98F42-2BAE-462C-9AE2-55E595C63C86}.Debug|Any CPU.ActiveCfg = Debug|Any CPU
		{31B98F42-2BAE-462C-9AE2-55E595C63C86}.Debug|Any CPU.Build.0 = Debug|Any CPU
		{31B98F42-2BAE-462C-9AE2-55E595C63C86}.Release|Any CPU.ActiveCfg = Release|Any CPU
		{31B98F42-2BAE-462C-9AE2-55E595C63C86}.Release|Any CPU.Build.0 = Release|Any CPU
		{382DADFB-62B4-4F48-9F31-E611E47DED09}.Debug|Any CPU.ActiveCfg = Debug|Any CPU
		{382DADFB-62B4-4F48-9F31-E611E47DED09}.Debug|Any CPU.Build.0 = Debug|Any CPU
		{382DADFB-62B4-4F48-9F31-E611E47DED09}.Release|Any CPU.ActiveCfg = Release|Any CPU
		{382DADFB-62B4-4F48-9F31-E611E47DED09}.Release|Any CPU.Build.0 = Release|Any CPU
		{264BBB51-02A1-4A6B-8A57-C1B19764D691}.Debug|Any CPU.ActiveCfg = Debug|Any CPU
		{264BBB51-02A1-4A6B-8A57-C1B19764D691}.Debug|Any CPU.Build.0 = Debug|Any CPU
		{264BBB51-02A1-4A6B-8A57-C1B19764D691}.Release|Any CPU.ActiveCfg = Release|Any CPU
		{264BBB51-02A1-4A6B-8A57-C1B19764D691}.Release|Any CPU.Build.0 = Release|Any CPU
		{3EFD07C4-AF24-4681-B27E-4AEBC2AFB178}.Debug|Any CPU.ActiveCfg = Debug|Any CPU
		{3EFD07C4-AF24-4681-B27E-4AEBC2AFB178}.Debug|Any CPU.Build.0 = Debug|Any CPU
		{3EFD07C4-AF24-4681-B27E-4AEBC2AFB178}.Release|Any CPU.ActiveCfg = Release|Any CPU
		{3EFD07C4-AF24-4681-B27E-4AEBC2AFB178}.Release|Any CPU.Build.0 = Release|Any CPU
		{D6F9C71B-ABE8-410D-AD85-7B7503C8D2F7}.Debug|Any CPU.ActiveCfg = Debug|Any CPU
		{D6F9C71B-ABE8-410D-AD85-7B7503C8D2F7}.Debug|Any CPU.Build.0 = Debug|Any CPU
		{D6F9C71B-ABE8-410D-AD85-7B7503C8D2F7}.Release|Any CPU.ActiveCfg = Release|Any CPU
		{D6F9C71B-ABE8-410D-AD85-7B7503C8D2F7}.Release|Any CPU.Build.0 = Release|Any CPU
	EndGlobalSection
	GlobalSection(SolutionProperties) = preSolution
		HideSolutionNode = FALSE
	EndGlobalSection
	GlobalSection(NestedProjects) = preSolution
		{42773BE1-6810-4A09-8733-56960B4373F8} = {7A1EC5FE-430D-4F4D-BAAB-DAC5324D5AC5}
		{AAD5068E-F4B2-4523-878B-8F87CE9AEFFF} = {7A1EC5FE-430D-4F4D-BAAB-DAC5324D5AC5}
		{51896D12-ED32-4BFF-AB16-B66E49B0E923} = {7A1EC5FE-430D-4F4D-BAAB-DAC5324D5AC5}
		{B471921F-3B1E-4E92-AC55-A408E827602B} = {71E2DD19-0702-40BE-AB81-C5E471E2BFB9}
		{31B98F42-2BAE-462C-9AE2-55E595C63C86} = {71E2DD19-0702-40BE-AB81-C5E471E2BFB9}
		{382DADFB-62B4-4F48-9F31-E611E47DED09} = {71E2DD19-0702-40BE-AB81-C5E471E2BFB9}
		{264BBB51-02A1-4A6B-8A57-C1B19764D691} = {67844824-BFA0-42F3-B0D8-DFC010D93046}
		{3EFD07C4-AF24-4681-B27E-4AEBC2AFB178} = {67844824-BFA0-42F3-B0D8-DFC010D93046}
		{D6F9C71B-ABE8-410D-AD85-7B7503C8D2F7} = {67844824-BFA0-42F3-B0D8-DFC010D93046}
	EndGlobalSection
EndGlobal
